
Microsoft Visual Studio Solution File, Format Version 12.00
# Visual Studio 15
VisualStudioVersion = 15.0.26124.0
MinimumVisualStudioVersion = 15.0.26124.0
Project("{2150E333-8FDC-42A3-9474-1A3956D46DE8}") = "Source", "Source", "{AC6EC870-4661-41BE-B641-D4DC3D227F51}"
EndProject
Project("{FAE04EC0-301F-11D3-BF4B-00C04F79EFBC}") = "Catalogue.Api", "Source\Catalogue.Api\Catalogue.Api.csproj", "{628892BF-CCAC-487F-90B1-1D28336685DD}"
EndProject
Project("{FAE04EC0-301F-11D3-BF4B-00C04F79EFBC}") = "Catalogue.Bll", "Source\Catalogue.Bll\Catalogue.Bll.csproj", "{3BC1A8F7-F0C6-4C57-A3B5-19307FD16A37}"
EndProject
Project("{FAE04EC0-301F-11D3-BF4B-00C04F79EFBC}") = "Catalogue.Common", "Source\Catalogue.Common\Catalogue.Common.csproj", "{DE69AE32-A7C5-408A-B715-29BA6A937386}"
EndProject
Project("{FAE04EC0-301F-11D3-BF4B-00C04F79EFBC}") = "Catalogue.Dal", "Source\Catalogue.Dal\Catalogue.Dal.csproj", "{87A42DAD-8596-44FA-8059-005DF7425A52}"
EndProject
Project("{2150E333-8FDC-42A3-9474-1A3956D46DE8}") = "Test", "Test", "{60888D55-F82A-422A-A06C-CEBAAE71C6BC}"
EndProject
Project("{FAE04EC0-301F-11D3-BF4B-00C04F79EFBC}") = "Catalogue.Api.Test", "Test\Catalogue.Api.Test\Catalogue.Api.Test.csproj", "{5AA41481-80CC-406B-A2BB-8E1CB1C85290}"
EndProject
Project("{FAE04EC0-301F-11D3-BF4B-00C04F79EFBC}") = "Catalogue.Bll.Test", "Test\Catalogue.Bll.Test\Catalogue.Bll.Test.csproj", "{D4669A10-A9B6-4A91-B864-BCB8F3E3281A}"
EndProject
Project("{FAE04EC0-301F-11D3-BF4B-00C04F79EFBC}") = "Catalogue.Common.Test", "Test\Catalogue.Common.Test\Catalogue.Common.Test.csproj", "{B9A7DB64-49B7-45C5-A28B-4EB00D245B0B}"
EndProject
Project("{FAE04EC0-301F-11D3-BF4B-00C04F79EFBC}") = "Catalogue.Dal.Test", "Test\Catalogue.Dal.Test\Catalogue.Dal.Test.csproj", "{83E8FDB0-021F-4A2C-BD56-B78928EA024F}"
EndProject
Project("{FAE04EC0-301F-11D3-BF4B-00C04F79EFBC}") = "Catalogue.Helpers.Test", "Test\Catalogue.Helpers.Test\Catalogue.Helpers.Test.csproj", "{35FC4E39-FCEE-4998-93EB-523A7ECBC2F6}"
EndProject
Global
	GlobalSection(SolutionConfigurationPlatforms) = preSolution
		Debug|Any CPU = Debug|Any CPU
		Debug|x64 = Debug|x64
		Debug|x86 = Debug|x86
		Release|Any CPU = Release|Any CPU
		Release|x64 = Release|x64
		Release|x86 = Release|x86
	EndGlobalSection
	GlobalSection(SolutionProperties) = preSolution
		HideSolutionNode = FALSE
	EndGlobalSection
	GlobalSection(ProjectConfigurationPlatforms) = postSolution
		{628892BF-CCAC-487F-90B1-1D28336685DD}.Debug|Any CPU.ActiveCfg = Debug|Any CPU
		{628892BF-CCAC-487F-90B1-1D28336685DD}.Debug|Any CPU.Build.0 = Debug|Any CPU
		{628892BF-CCAC-487F-90B1-1D28336685DD}.Debug|x64.ActiveCfg = Debug|Any CPU
		{628892BF-CCAC-487F-90B1-1D28336685DD}.Debug|x64.Build.0 = Debug|Any CPU
		{628892BF-CCAC-487F-90B1-1D28336685DD}.Debug|x86.ActiveCfg = Debug|Any CPU
		{628892BF-CCAC-487F-90B1-1D28336685DD}.Debug|x86.Build.0 = Debug|Any CPU
		{628892BF-CCAC-487F-90B1-1D28336685DD}.Release|Any CPU.ActiveCfg = Release|Any CPU
		{628892BF-CCAC-487F-90B1-1D28336685DD}.Release|Any CPU.Build.0 = Release|Any CPU
		{628892BF-CCAC-487F-90B1-1D28336685DD}.Release|x64.ActiveCfg = Release|Any CPU
		{628892BF-CCAC-487F-90B1-1D28336685DD}.Release|x64.Build.0 = Release|Any CPU
		{628892BF-CCAC-487F-90B1-1D28336685DD}.Release|x86.ActiveCfg = Release|Any CPU
		{628892BF-CCAC-487F-90B1-1D28336685DD}.Release|x86.Build.0 = Release|Any CPU
		{3BC1A8F7-F0C6-4C57-A3B5-19307FD16A37}.Debug|Any CPU.ActiveCfg = Debug|Any CPU
		{3BC1A8F7-F0C6-4C57-A3B5-19307FD16A37}.Debug|Any CPU.Build.0 = Debug|Any CPU
		{3BC1A8F7-F0C6-4C57-A3B5-19307FD16A37}.Debug|x64.ActiveCfg = Debug|Any CPU
		{3BC1A8F7-F0C6-4C57-A3B5-19307FD16A37}.Debug|x64.Build.0 = Debug|Any CPU
		{3BC1A8F7-F0C6-4C57-A3B5-19307FD16A37}.Debug|x86.ActiveCfg = Debug|Any CPU
		{3BC1A8F7-F0C6-4C57-A3B5-19307FD16A37}.Debug|x86.Build.0 = Debug|Any CPU
		{3BC1A8F7-F0C6-4C57-A3B5-19307FD16A37}.Release|Any CPU.ActiveCfg = Release|Any CPU
		{3BC1A8F7-F0C6-4C57-A3B5-19307FD16A37}.Release|Any CPU.Build.0 = Release|Any CPU
		{3BC1A8F7-F0C6-4C57-A3B5-19307FD16A37}.Release|x64.ActiveCfg = Release|Any CPU
		{3BC1A8F7-F0C6-4C57-A3B5-19307FD16A37}.Release|x64.Build.0 = Release|Any CPU
		{3BC1A8F7-F0C6-4C57-A3B5-19307FD16A37}.Release|x86.ActiveCfg = Release|Any CPU
		{3BC1A8F7-F0C6-4C57-A3B5-19307FD16A37}.Release|x86.Build.0 = Release|Any CPU
		{DE69AE32-A7C5-408A-B715-29BA6A937386}.Debug|Any CPU.ActiveCfg = Debug|Any CPU
		{DE69AE32-A7C5-408A-B715-29BA6A937386}.Debug|Any CPU.Build.0 = Debug|Any CPU
		{DE69AE32-A7C5-408A-B715-29BA6A937386}.Debug|x64.ActiveCfg = Debug|Any CPU
		{DE69AE32-A7C5-408A-B715-29BA6A937386}.Debug|x64.Build.0 = Debug|Any CPU
		{DE69AE32-A7C5-408A-B715-29BA6A937386}.Debug|x86.ActiveCfg = Debug|Any CPU
		{DE69AE32-A7C5-408A-B715-29BA6A937386}.Debug|x86.Build.0 = Debug|Any CPU
		{DE69AE32-A7C5-408A-B715-29BA6A937386}.Release|Any CPU.ActiveCfg = Release|Any CPU
		{DE69AE32-A7C5-408A-B715-29BA6A937386}.Release|Any CPU.Build.0 = Release|Any CPU
		{DE69AE32-A7C5-408A-B715-29BA6A937386}.Release|x64.ActiveCfg = Release|Any CPU
		{DE69AE32-A7C5-408A-B715-29BA6A937386}.Release|x64.Build.0 = Release|Any CPU
		{DE69AE32-A7C5-408A-B715-29BA6A937386}.Release|x86.ActiveCfg = Release|Any CPU
		{DE69AE32-A7C5-408A-B715-29BA6A937386}.Release|x86.Build.0 = Release|Any CPU
		{87A42DAD-8596-44FA-8059-005DF7425A52}.Debug|Any CPU.ActiveCfg = Debug|Any CPU
		{87A42DAD-8596-44FA-8059-005DF7425A52}.Debug|Any CPU.Build.0 = Debug|Any CPU
		{87A42DAD-8596-44FA-8059-005DF7425A52}.Debug|x64.ActiveCfg = Debug|Any CPU
		{87A42DAD-8596-44FA-8059-005DF7425A52}.Debug|x64.Build.0 = Debug|Any CPU
		{87A42DAD-8596-44FA-8059-005DF7425A52}.Debug|x86.ActiveCfg = Debug|Any CPU
		{87A42DAD-8596-44FA-8059-005DF7425A52}.Debug|x86.Build.0 = Debug|Any CPU
		{87A42DAD-8596-44FA-8059-005DF7425A52}.Release|Any CPU.ActiveCfg = Release|Any CPU
		{87A42DAD-8596-44FA-8059-005DF7425A52}.Release|Any CPU.Build.0 = Release|Any CPU
		{87A42DAD-8596-44FA-8059-005DF7425A52}.Release|x64.ActiveCfg = Release|Any CPU
		{87A42DAD-8596-44FA-8059-005DF7425A52}.Release|x64.Build.0 = Release|Any CPU
		{87A42DAD-8596-44FA-8059-005DF7425A52}.Release|x86.ActiveCfg = Release|Any CPU
		{87A42DAD-8596-44FA-8059-005DF7425A52}.Release|x86.Build.0 = Release|Any CPU
		{5AA41481-80CC-406B-A2BB-8E1CB1C85290}.Debug|Any CPU.ActiveCfg = Debug|Any CPU
		{5AA41481-80CC-406B-A2BB-8E1CB1C85290}.Debug|Any CPU.Build.0 = Debug|Any CPU
		{5AA41481-80CC-406B-A2BB-8E1CB1C85290}.Debug|x64.ActiveCfg = Debug|Any CPU
		{5AA41481-80CC-406B-A2BB-8E1CB1C85290}.Debug|x64.Build.0 = Debug|Any CPU
		{5AA41481-80CC-406B-A2BB-8E1CB1C85290}.Debug|x86.ActiveCfg = Debug|Any CPU
		{5AA41481-80CC-406B-A2BB-8E1CB1C85290}.Debug|x86.Build.0 = Debug|Any CPU
		{5AA41481-80CC-406B-A2BB-8E1CB1C85290}.Release|Any CPU.ActiveCfg = Release|Any CPU
		{5AA41481-80CC-406B-A2BB-8E1CB1C85290}.Release|Any CPU.Build.0 = Release|Any CPU
		{5AA41481-80CC-406B-A2BB-8E1CB1C85290}.Release|x64.ActiveCfg = Release|Any CPU
		{5AA41481-80CC-406B-A2BB-8E1CB1C85290}.Release|x64.Build.0 = Release|Any CPU
		{5AA41481-80CC-406B-A2BB-8E1CB1C85290}.Release|x86.ActiveCfg = Release|Any CPU
		{5AA41481-80CC-406B-A2BB-8E1CB1C85290}.Release|x86.Build.0 = Release|Any CPU
		{D4669A10-A9B6-4A91-B864-BCB8F3E3281A}.Debug|Any CPU.ActiveCfg = Debug|Any CPU
		{D4669A10-A9B6-4A91-B864-BCB8F3E3281A}.Debug|Any CPU.Build.0 = Debug|Any CPU
		{D4669A10-A9B6-4A91-B864-BCB8F3E3281A}.Debug|x64.ActiveCfg = Debug|Any CPU
		{D4669A10-A9B6-4A91-B864-BCB8F3E3281A}.Debug|x64.Build.0 = Debug|Any CPU
		{D4669A10-A9B6-4A91-B864-BCB8F3E3281A}.Debug|x86.ActiveCfg = Debug|Any CPU
		{D4669A10-A9B6-4A91-B864-BCB8F3E3281A}.Debug|x86.Build.0 = Debug|Any CPU
		{D4669A10-A9B6-4A91-B864-BCB8F3E3281A}.Release|Any CPU.ActiveCfg = Release|Any CPU
		{D4669A10-A9B6-4A91-B864-BCB8F3E3281A}.Release|Any CPU.Build.0 = Release|Any CPU
		{D4669A10-A9B6-4A91-B864-BCB8F3E3281A}.Release|x64.ActiveCfg = Release|Any CPU
		{D4669A10-A9B6-4A91-B864-BCB8F3E3281A}.Release|x64.Build.0 = Release|Any CPU
		{D4669A10-A9B6-4A91-B864-BCB8F3E3281A}.Release|x86.ActiveCfg = Release|Any CPU
		{D4669A10-A9B6-4A91-B864-BCB8F3E3281A}.Release|x86.Build.0 = Release|Any CPU
		{B9A7DB64-49B7-45C5-A28B-4EB00D245B0B}.Debug|Any CPU.ActiveCfg = Debug|Any CPU
		{B9A7DB64-49B7-45C5-A28B-4EB00D245B0B}.Debug|Any CPU.Build.0 = Debug|Any CPU
		{B9A7DB64-49B7-45C5-A28B-4EB00D245B0B}.Debug|x64.ActiveCfg = Debug|Any CPU
		{B9A7DB64-49B7-45C5-A28B-4EB00D245B0B}.Debug|x64.Build.0 = Debug|Any CPU
		{B9A7DB64-49B7-45C5-A28B-4EB00D245B0B}.Debug|x86.ActiveCfg = Debug|Any CPU
		{B9A7DB64-49B7-45C5-A28B-4EB00D245B0B}.Debug|x86.Build.0 = Debug|Any CPU
		{B9A7DB64-49B7-45C5-A28B-4EB00D245B0B}.Release|Any CPU.ActiveCfg = Release|Any CPU
		{B9A7DB64-49B7-45C5-A28B-4EB00D245B0B}.Release|Any CPU.Build.0 = Release|Any CPU
		{B9A7DB64-49B7-45C5-A28B-4EB00D245B0B}.Release|x64.ActiveCfg = Release|Any CPU
		{B9A7DB64-49B7-45C5-A28B-4EB00D245B0B}.Release|x64.Build.0 = Release|Any CPU
		{B9A7DB64-49B7-45C5-A28B-4EB00D245B0B}.Release|x86.ActiveCfg = Release|Any CPU
		{B9A7DB64-49B7-45C5-A28B-4EB00D245B0B}.Release|x86.Build.0 = Release|Any CPU
		{83E8FDB0-021F-4A2C-BD56-B78928EA024F}.Debug|Any CPU.ActiveCfg = Debug|Any CPU
		{83E8FDB0-021F-4A2C-BD56-B78928EA024F}.Debug|Any CPU.Build.0 = Debug|Any CPU
		{83E8FDB0-021F-4A2C-BD56-B78928EA024F}.Debug|x64.ActiveCfg = Debug|Any CPU
		{83E8FDB0-021F-4A2C-BD56-B78928EA024F}.Debug|x64.Build.0 = Debug|Any CPU
		{83E8FDB0-021F-4A2C-BD56-B78928EA024F}.Debug|x86.ActiveCfg = Debug|Any CPU
		{83E8FDB0-021F-4A2C-BD56-B78928EA024F}.Debug|x86.Build.0 = Debug|Any CPU
		{83E8FDB0-021F-4A2C-BD56-B78928EA024F}.Release|Any CPU.ActiveCfg = Release|Any CPU
		{83E8FDB0-021F-4A2C-BD56-B78928EA024F}.Release|Any CPU.Build.0 = Release|Any CPU
		{83E8FDB0-021F-4A2C-BD56-B78928EA024F}.Release|x64.ActiveCfg = Release|Any CPU
		{83E8FDB0-021F-4A2C-BD56-B78928EA024F}.Release|x64.Build.0 = Release|Any CPU
		{83E8FDB0-021F-4A2C-BD56-B78928EA024F}.Release|x86.ActiveCfg = Release|Any CPU
		{83E8FDB0-021F-4A2C-BD56-B78928EA024F}.Release|x86.Build.0 = Release|Any CPU
		{35FC4E39-FCEE-4998-93EB-523A7ECBC2F6}.Debug|Any CPU.ActiveCfg = Debug|Any CPU
		{35FC4E39-FCEE-4998-93EB-523A7ECBC2F6}.Debug|Any CPU.Build.0 = Debug|Any CPU
		{35FC4E39-FCEE-4998-93EB-523A7ECBC2F6}.Debug|x64.ActiveCfg = Debug|Any CPU
		{35FC4E39-FCEE-4998-93EB-523A7ECBC2F6}.Debug|x64.Build.0 = Debug|Any CPU
		{35FC4E39-FCEE-4998-93EB-523A7ECBC2F6}.Debug|x86.ActiveCfg = Debug|Any CPU
		{35FC4E39-FCEE-4998-93EB-523A7ECBC2F6}.Debug|x86.Build.0 = Debug|Any CPU
		{35FC4E39-FCEE-4998-93EB-523A7ECBC2F6}.Release|Any CPU.ActiveCfg = Release|Any CPU
		{35FC4E39-FCEE-4998-93EB-523A7ECBC2F6}.Release|Any CPU.Build.0 = Release|Any CPU
		{35FC4E39-FCEE-4998-93EB-523A7ECBC2F6}.Release|x64.ActiveCfg = Release|Any CPU
		{35FC4E39-FCEE-4998-93EB-523A7ECBC2F6}.Release|x64.Build.0 = Release|Any CPU
		{35FC4E39-FCEE-4998-93EB-523A7ECBC2F6}.Release|x86.ActiveCfg = Release|Any CPU
		{35FC4E39-FCEE-4998-93EB-523A7ECBC2F6}.Release|x86.Build.0 = Release|Any CPU
	EndGlobalSection
	GlobalSection(NestedProjects) = preSolution
		{628892BF-CCAC-487F-90B1-1D28336685DD} = {AC6EC870-4661-41BE-B641-D4DC3D227F51}
		{3BC1A8F7-F0C6-4C57-A3B5-19307FD16A37} = {AC6EC870-4661-41BE-B641-D4DC3D227F51}
		{DE69AE32-A7C5-408A-B715-29BA6A937386} = {AC6EC870-4661-41BE-B641-D4DC3D227F51}
		{87A42DAD-8596-44FA-8059-005DF7425A52} = {AC6EC870-4661-41BE-B641-D4DC3D227F51}
		{5AA41481-80CC-406B-A2BB-8E1CB1C85290} = {60888D55-F82A-422A-A06C-CEBAAE71C6BC}
		{D4669A10-A9B6-4A91-B864-BCB8F3E3281A} = {60888D55-F82A-422A-A06C-CEBAAE71C6BC}
		{B9A7DB64-49B7-45C5-A28B-4EB00D245B0B} = {60888D55-F82A-422A-A06C-CEBAAE71C6BC}
		{83E8FDB0-021F-4A2C-BD56-B78928EA024F} = {60888D55-F82A-422A-A06C-CEBAAE71C6BC}
		{35FC4E39-FCEE-4998-93EB-523A7ECBC2F6} = {60888D55-F82A-422A-A06C-CEBAAE71C6BC}
	EndGlobalSection
EndGlobal
