
Microsoft Visual Studio Solution File, Format Version 12.00
# Visual Studio 15
VisualStudioVersion = 15.0.26124.0
MinimumVisualStudioVersion = 15.0.26124.0
Project("{2150E333-8FDC-42A3-9474-1A3956D46DE8}") = "Source", "Source", "{41956656-BB73-4144-835F-1DD65027391D}"
EndProject
Project("{FAE04EC0-301F-11D3-BF4B-00C04F79EFBC}") = "Catalogue.Api", "Source\Catalogue.Api\Catalogue.Api.csproj", "{5614DA5E-3A57-4375-8102-DEEDF073F63C}"
EndProject
Project("{FAE04EC0-301F-11D3-BF4B-00C04F79EFBC}") = "Catalogue.Bll", "Source\Catalogue.Bll\Catalogue.Bll.csproj", "{6F329F96-4BE6-4E43-8BB4-9320FE2256FF}"
EndProject
Project("{FAE04EC0-301F-11D3-BF4B-00C04F79EFBC}") = "Catalogue.Common", "Source\Catalogue.Common\Catalogue.Common.csproj", "{C9233A2A-70AA-4E18-BC5B-502167FFF10C}"
EndProject
Project("{FAE04EC0-301F-11D3-BF4B-00C04F79EFBC}") = "Catalogue.Dal", "Source\Catalogue.Dal\Catalogue.Dal.csproj", "{E85CDE79-16BB-46DB-8006-1DE8FB559381}"
EndProject
Project("{2150E333-8FDC-42A3-9474-1A3956D46DE8}") = "Test", "Test", "{C3628949-1570-4B01-B64B-EE016D92721F}"
EndProject
Project("{FAE04EC0-301F-11D3-BF4B-00C04F79EFBC}") = "Catalogue.Api.Test", "Test\Catalogue.Api.Test\Catalogue.Api.Test.csproj", "{BDE48752-DEF0-453D-9048-F6415860D340}"
EndProject
Project("{FAE04EC0-301F-11D3-BF4B-00C04F79EFBC}") = "Catalogue.Bll.Test", "Test\Catalogue.Bll.Test\Catalogue.Bll.Test.csproj", "{CB02152F-63A0-4E47-827C-1CE97B23CF0C}"
EndProject
Project("{FAE04EC0-301F-11D3-BF4B-00C04F79EFBC}") = "Catalogue.Common.Test", "Test\Catalogue.Common.Test\Catalogue.Common.Test.csproj", "{4D5255E2-E2FD-42B3-BDD3-8C0E2562960D}"
EndProject
Project("{FAE04EC0-301F-11D3-BF4B-00C04F79EFBC}") = "Catalogue.Dal.Test", "Test\Catalogue.Dal.Test\Catalogue.Dal.Test.csproj", "{933DC44E-946B-4C81-9246-8EF7F4C88954}"
EndProject
Project("{FAE04EC0-301F-11D3-BF4B-00C04F79EFBC}") = "Catalogue.Helpers.Test", "Test\Catalogue.Helpers.Test\Catalogue.Helpers.Test.csproj", "{9D3652AE-CBB6-42DF-ACC4-F8D1D4CB9786}"
EndProject
Global
	GlobalSection(SolutionConfigurationPlatforms) = preSolution
		Debug|Any CPU = Debug|Any CPU
		Debug|x64 = Debug|x64
		Debug|x86 = Debug|x86
		Release|Any CPU = Release|Any CPU
		Release|x64 = Release|x64
		Release|x86 = Release|x86
	EndGlobalSection
	GlobalSection(SolutionProperties) = preSolution
		HideSolutionNode = FALSE
	EndGlobalSection
	GlobalSection(ProjectConfigurationPlatforms) = postSolution
		{5614DA5E-3A57-4375-8102-DEEDF073F63C}.Debug|Any CPU.ActiveCfg = Debug|Any CPU
		{5614DA5E-3A57-4375-8102-DEEDF073F63C}.Debug|Any CPU.Build.0 = Debug|Any CPU
		{5614DA5E-3A57-4375-8102-DEEDF073F63C}.Debug|x64.ActiveCfg = Debug|Any CPU
		{5614DA5E-3A57-4375-8102-DEEDF073F63C}.Debug|x64.Build.0 = Debug|Any CPU
		{5614DA5E-3A57-4375-8102-DEEDF073F63C}.Debug|x86.ActiveCfg = Debug|Any CPU
		{5614DA5E-3A57-4375-8102-DEEDF073F63C}.Debug|x86.Build.0 = Debug|Any CPU
		{5614DA5E-3A57-4375-8102-DEEDF073F63C}.Release|Any CPU.ActiveCfg = Release|Any CPU
		{5614DA5E-3A57-4375-8102-DEEDF073F63C}.Release|Any CPU.Build.0 = Release|Any CPU
		{5614DA5E-3A57-4375-8102-DEEDF073F63C}.Release|x64.ActiveCfg = Release|Any CPU
		{5614DA5E-3A57-4375-8102-DEEDF073F63C}.Release|x64.Build.0 = Release|Any CPU
		{5614DA5E-3A57-4375-8102-DEEDF073F63C}.Release|x86.ActiveCfg = Release|Any CPU
		{5614DA5E-3A57-4375-8102-DEEDF073F63C}.Release|x86.Build.0 = Release|Any CPU
		{6F329F96-4BE6-4E43-8BB4-9320FE2256FF}.Debug|Any CPU.ActiveCfg = Debug|Any CPU
		{6F329F96-4BE6-4E43-8BB4-9320FE2256FF}.Debug|Any CPU.Build.0 = Debug|Any CPU
		{6F329F96-4BE6-4E43-8BB4-9320FE2256FF}.Debug|x64.ActiveCfg = Debug|Any CPU
		{6F329F96-4BE6-4E43-8BB4-9320FE2256FF}.Debug|x64.Build.0 = Debug|Any CPU
		{6F329F96-4BE6-4E43-8BB4-9320FE2256FF}.Debug|x86.ActiveCfg = Debug|Any CPU
		{6F329F96-4BE6-4E43-8BB4-9320FE2256FF}.Debug|x86.Build.0 = Debug|Any CPU
		{6F329F96-4BE6-4E43-8BB4-9320FE2256FF}.Release|Any CPU.ActiveCfg = Release|Any CPU
		{6F329F96-4BE6-4E43-8BB4-9320FE2256FF}.Release|Any CPU.Build.0 = Release|Any CPU
		{6F329F96-4BE6-4E43-8BB4-9320FE2256FF}.Release|x64.ActiveCfg = Release|Any CPU
		{6F329F96-4BE6-4E43-8BB4-9320FE2256FF}.Release|x64.Build.0 = Release|Any CPU
		{6F329F96-4BE6-4E43-8BB4-9320FE2256FF}.Release|x86.ActiveCfg = Release|Any CPU
		{6F329F96-4BE6-4E43-8BB4-9320FE2256FF}.Release|x86.Build.0 = Release|Any CPU
		{C9233A2A-70AA-4E18-BC5B-502167FFF10C}.Debug|Any CPU.ActiveCfg = Debug|Any CPU
		{C9233A2A-70AA-4E18-BC5B-502167FFF10C}.Debug|Any CPU.Build.0 = Debug|Any CPU
		{C9233A2A-70AA-4E18-BC5B-502167FFF10C}.Debug|x64.ActiveCfg = Debug|Any CPU
		{C9233A2A-70AA-4E18-BC5B-502167FFF10C}.Debug|x64.Build.0 = Debug|Any CPU
		{C9233A2A-70AA-4E18-BC5B-502167FFF10C}.Debug|x86.ActiveCfg = Debug|Any CPU
		{C9233A2A-70AA-4E18-BC5B-502167FFF10C}.Debug|x86.Build.0 = Debug|Any CPU
		{C9233A2A-70AA-4E18-BC5B-502167FFF10C}.Release|Any CPU.ActiveCfg = Release|Any CPU
		{C9233A2A-70AA-4E18-BC5B-502167FFF10C}.Release|Any CPU.Build.0 = Release|Any CPU
		{C9233A2A-70AA-4E18-BC5B-502167FFF10C}.Release|x64.ActiveCfg = Release|Any CPU
		{C9233A2A-70AA-4E18-BC5B-502167FFF10C}.Release|x64.Build.0 = Release|Any CPU
		{C9233A2A-70AA-4E18-BC5B-502167FFF10C}.Release|x86.ActiveCfg = Release|Any CPU
		{C9233A2A-70AA-4E18-BC5B-502167FFF10C}.Release|x86.Build.0 = Release|Any CPU
		{E85CDE79-16BB-46DB-8006-1DE8FB559381}.Debug|Any CPU.ActiveCfg = Debug|Any CPU
		{E85CDE79-16BB-46DB-8006-1DE8FB559381}.Debug|Any CPU.Build.0 = Debug|Any CPU
		{E85CDE79-16BB-46DB-8006-1DE8FB559381}.Debug|x64.ActiveCfg = Debug|Any CPU
		{E85CDE79-16BB-46DB-8006-1DE8FB559381}.Debug|x64.Build.0 = Debug|Any CPU
		{E85CDE79-16BB-46DB-8006-1DE8FB559381}.Debug|x86.ActiveCfg = Debug|Any CPU
		{E85CDE79-16BB-46DB-8006-1DE8FB559381}.Debug|x86.Build.0 = Debug|Any CPU
		{E85CDE79-16BB-46DB-8006-1DE8FB559381}.Release|Any CPU.ActiveCfg = Release|Any CPU
		{E85CDE79-16BB-46DB-8006-1DE8FB559381}.Release|Any CPU.Build.0 = Release|Any CPU
		{E85CDE79-16BB-46DB-8006-1DE8FB559381}.Release|x64.ActiveCfg = Release|Any CPU
		{E85CDE79-16BB-46DB-8006-1DE8FB559381}.Release|x64.Build.0 = Release|Any CPU
		{E85CDE79-16BB-46DB-8006-1DE8FB559381}.Release|x86.ActiveCfg = Release|Any CPU
		{E85CDE79-16BB-46DB-8006-1DE8FB559381}.Release|x86.Build.0 = Release|Any CPU
		{BDE48752-DEF0-453D-9048-F6415860D340}.Debug|Any CPU.ActiveCfg = Debug|Any CPU
		{BDE48752-DEF0-453D-9048-F6415860D340}.Debug|Any CPU.Build.0 = Debug|Any CPU
		{BDE48752-DEF0-453D-9048-F6415860D340}.Debug|x64.ActiveCfg = Debug|Any CPU
		{BDE48752-DEF0-453D-9048-F6415860D340}.Debug|x64.Build.0 = Debug|Any CPU
		{BDE48752-DEF0-453D-9048-F6415860D340}.Debug|x86.ActiveCfg = Debug|Any CPU
		{BDE48752-DEF0-453D-9048-F6415860D340}.Debug|x86.Build.0 = Debug|Any CPU
		{BDE48752-DEF0-453D-9048-F6415860D340}.Release|Any CPU.ActiveCfg = Release|Any CPU
		{BDE48752-DEF0-453D-9048-F6415860D340}.Release|Any CPU.Build.0 = Release|Any CPU
		{BDE48752-DEF0-453D-9048-F6415860D340}.Release|x64.ActiveCfg = Release|Any CPU
		{BDE48752-DEF0-453D-9048-F6415860D340}.Release|x64.Build.0 = Release|Any CPU
		{BDE48752-DEF0-453D-9048-F6415860D340}.Release|x86.ActiveCfg = Release|Any CPU
		{BDE48752-DEF0-453D-9048-F6415860D340}.Release|x86.Build.0 = Release|Any CPU
		{CB02152F-63A0-4E47-827C-1CE97B23CF0C}.Debug|Any CPU.ActiveCfg = Debug|Any CPU
		{CB02152F-63A0-4E47-827C-1CE97B23CF0C}.Debug|Any CPU.Build.0 = Debug|Any CPU
		{CB02152F-63A0-4E47-827C-1CE97B23CF0C}.Debug|x64.ActiveCfg = Debug|Any CPU
		{CB02152F-63A0-4E47-827C-1CE97B23CF0C}.Debug|x64.Build.0 = Debug|Any CPU
		{CB02152F-63A0-4E47-827C-1CE97B23CF0C}.Debug|x86.ActiveCfg = Debug|Any CPU
		{CB02152F-63A0-4E47-827C-1CE97B23CF0C}.Debug|x86.Build.0 = Debug|Any CPU
		{CB02152F-63A0-4E47-827C-1CE97B23CF0C}.Release|Any CPU.ActiveCfg = Release|Any CPU
		{CB02152F-63A0-4E47-827C-1CE97B23CF0C}.Release|Any CPU.Build.0 = Release|Any CPU
		{CB02152F-63A0-4E47-827C-1CE97B23CF0C}.Release|x64.ActiveCfg = Release|Any CPU
		{CB02152F-63A0-4E47-827C-1CE97B23CF0C}.Release|x64.Build.0 = Release|Any CPU
		{CB02152F-63A0-4E47-827C-1CE97B23CF0C}.Release|x86.ActiveCfg = Release|Any CPU
		{CB02152F-63A0-4E47-827C-1CE97B23CF0C}.Release|x86.Build.0 = Release|Any CPU
		{4D5255E2-E2FD-42B3-BDD3-8C0E2562960D}.Debug|Any CPU.ActiveCfg = Debug|Any CPU
		{4D5255E2-E2FD-42B3-BDD3-8C0E2562960D}.Debug|Any CPU.Build.0 = Debug|Any CPU
		{4D5255E2-E2FD-42B3-BDD3-8C0E2562960D}.Debug|x64.ActiveCfg = Debug|Any CPU
		{4D5255E2-E2FD-42B3-BDD3-8C0E2562960D}.Debug|x64.Build.0 = Debug|Any CPU
		{4D5255E2-E2FD-42B3-BDD3-8C0E2562960D}.Debug|x86.ActiveCfg = Debug|Any CPU
		{4D5255E2-E2FD-42B3-BDD3-8C0E2562960D}.Debug|x86.Build.0 = Debug|Any CPU
		{4D5255E2-E2FD-42B3-BDD3-8C0E2562960D}.Release|Any CPU.ActiveCfg = Release|Any CPU
		{4D5255E2-E2FD-42B3-BDD3-8C0E2562960D}.Release|Any CPU.Build.0 = Release|Any CPU
		{4D5255E2-E2FD-42B3-BDD3-8C0E2562960D}.Release|x64.ActiveCfg = Release|Any CPU
		{4D5255E2-E2FD-42B3-BDD3-8C0E2562960D}.Release|x64.Build.0 = Release|Any CPU
		{4D5255E2-E2FD-42B3-BDD3-8C0E2562960D}.Release|x86.ActiveCfg = Release|Any CPU
		{4D5255E2-E2FD-42B3-BDD3-8C0E2562960D}.Release|x86.Build.0 = Release|Any CPU
		{933DC44E-946B-4C81-9246-8EF7F4C88954}.Debug|Any CPU.ActiveCfg = Debug|Any CPU
		{933DC44E-946B-4C81-9246-8EF7F4C88954}.Debug|Any CPU.Build.0 = Debug|Any CPU
		{933DC44E-946B-4C81-9246-8EF7F4C88954}.Debug|x64.ActiveCfg = Debug|Any CPU
		{933DC44E-946B-4C81-9246-8EF7F4C88954}.Debug|x64.Build.0 = Debug|Any CPU
		{933DC44E-946B-4C81-9246-8EF7F4C88954}.Debug|x86.ActiveCfg = Debug|Any CPU
		{933DC44E-946B-4C81-9246-8EF7F4C88954}.Debug|x86.Build.0 = Debug|Any CPU
		{933DC44E-946B-4C81-9246-8EF7F4C88954}.Release|Any CPU.ActiveCfg = Release|Any CPU
		{933DC44E-946B-4C81-9246-8EF7F4C88954}.Release|Any CPU.Build.0 = Release|Any CPU
		{933DC44E-946B-4C81-9246-8EF7F4C88954}.Release|x64.ActiveCfg = Release|Any CPU
		{933DC44E-946B-4C81-9246-8EF7F4C88954}.Release|x64.Build.0 = Release|Any CPU
		{933DC44E-946B-4C81-9246-8EF7F4C88954}.Release|x86.ActiveCfg = Release|Any CPU
		{933DC44E-946B-4C81-9246-8EF7F4C88954}.Release|x86.Build.0 = Release|Any CPU
		{9D3652AE-CBB6-42DF-ACC4-F8D1D4CB9786}.Debug|Any CPU.ActiveCfg = Debug|Any CPU
		{9D3652AE-CBB6-42DF-ACC4-F8D1D4CB9786}.Debug|Any CPU.Build.0 = Debug|Any CPU
		{9D3652AE-CBB6-42DF-ACC4-F8D1D4CB9786}.Debug|x64.ActiveCfg = Debug|Any CPU
		{9D3652AE-CBB6-42DF-ACC4-F8D1D4CB9786}.Debug|x64.Build.0 = Debug|Any CPU
		{9D3652AE-CBB6-42DF-ACC4-F8D1D4CB9786}.Debug|x86.ActiveCfg = Debug|Any CPU
		{9D3652AE-CBB6-42DF-ACC4-F8D1D4CB9786}.Debug|x86.Build.0 = Debug|Any CPU
		{9D3652AE-CBB6-42DF-ACC4-F8D1D4CB9786}.Release|Any CPU.ActiveCfg = Release|Any CPU
		{9D3652AE-CBB6-42DF-ACC4-F8D1D4CB9786}.Release|Any CPU.Build.0 = Release|Any CPU
		{9D3652AE-CBB6-42DF-ACC4-F8D1D4CB9786}.Release|x64.ActiveCfg = Release|Any CPU
		{9D3652AE-CBB6-42DF-ACC4-F8D1D4CB9786}.Release|x64.Build.0 = Release|Any CPU
		{9D3652AE-CBB6-42DF-ACC4-F8D1D4CB9786}.Release|x86.ActiveCfg = Release|Any CPU
		{9D3652AE-CBB6-42DF-ACC4-F8D1D4CB9786}.Release|x86.Build.0 = Release|Any CPU
	EndGlobalSection
	GlobalSection(NestedProjects) = preSolution
		{5614DA5E-3A57-4375-8102-DEEDF073F63C} = {41956656-BB73-4144-835F-1DD65027391D}
		{6F329F96-4BE6-4E43-8BB4-9320FE2256FF} = {41956656-BB73-4144-835F-1DD65027391D}
		{C9233A2A-70AA-4E18-BC5B-502167FFF10C} = {41956656-BB73-4144-835F-1DD65027391D}
		{E85CDE79-16BB-46DB-8006-1DE8FB559381} = {41956656-BB73-4144-835F-1DD65027391D}
		{BDE48752-DEF0-453D-9048-F6415860D340} = {C3628949-1570-4B01-B64B-EE016D92721F}
		{CB02152F-63A0-4E47-827C-1CE97B23CF0C} = {C3628949-1570-4B01-B64B-EE016D92721F}
		{4D5255E2-E2FD-42B3-BDD3-8C0E2562960D} = {C3628949-1570-4B01-B64B-EE016D92721F}
		{933DC44E-946B-4C81-9246-8EF7F4C88954} = {C3628949-1570-4B01-B64B-EE016D92721F}
		{9D3652AE-CBB6-42DF-ACC4-F8D1D4CB9786} = {C3628949-1570-4B01-B64B-EE016D92721F}
	EndGlobalSection
EndGlobal
