
Microsoft Visual Studio Solution File, Format Version 12.00
# Visual Studio Version 16
VisualStudioVersion = 16.0.29519.181
MinimumVisualStudioVersion = 15.0.26124.0
Project("{2150E333-8FDC-42A3-9474-1A3956D46DE8}") = "Source", "Source", "{01E344D1-1368-42B7-A40B-4275846FF4EB}"
EndProject
Project("{9A19103F-16F7-4668-BE54-9A1E7A4F7556}") = "School.Api", "Source\School.Api\School.Api.csproj", "{BC13B446-F133-4DD0-951F-243E242B7646}"
EndProject
Project("{9A19103F-16F7-4668-BE54-9A1E7A4F7556}") = "School.Bll", "Source\School.Bll\School.Bll.csproj", "{596A7520-B965-4403-86A7-0A6B5224D724}"
EndProject
Project("{9A19103F-16F7-4668-BE54-9A1E7A4F7556}") = "School.Common", "Source\School.Common\School.Common.csproj", "{20F77672-B057-40E7-AD64-7B75FF9AF27B}"
EndProject
Project("{9A19103F-16F7-4668-BE54-9A1E7A4F7556}") = "School.Dal", "Source\School.Dal\School.Dal.csproj", "{DA1B62D4-4E5C-416E-BF46-9FB734C400A8}"
EndProject
Project("{2150E333-8FDC-42A3-9474-1A3956D46DE8}") = "Test", "Test", "{2E350569-EBA0-42C2-B5D3-174C0F74CB54}"
EndProject
Project("{9A19103F-16F7-4668-BE54-9A1E7A4F7556}") = "School.Api.Test", "Test\School.Api.Test\School.Api.Test.csproj", "{9D5B9DCC-9F61-4B9D-AB56-D844B78B102A}"
EndProject
Project("{9A19103F-16F7-4668-BE54-9A1E7A4F7556}") = "School.Bll.Test", "Test\School.Bll.Test\School.Bll.Test.csproj", "{3BAC64DB-05EB-4005-8FAB-79E6BC09E0AD}"
EndProject
Project("{9A19103F-16F7-4668-BE54-9A1E7A4F7556}") = "School.Common.Test", "Test\School.Common.Test\School.Common.Test.csproj", "{40626368-57D2-48BF-8CF3-EC03ADAE5A24}"
EndProject
Project("{9A19103F-16F7-4668-BE54-9A1E7A4F7556}") = "School.Dal.Test", "Test\School.Dal.Test\School.Dal.Test.csproj", "{24815A8C-E75E-40BC-81EA-154D5D189DFA}"
EndProject
Project("{9A19103F-16F7-4668-BE54-9A1E7A4F7556}") = "School.Helpers.Test", "Test\School.Helpers.Test\School.Helpers.Test.csproj", "{EFE958EE-F866-493B-ACAC-960DBA67E282}"
EndProject
Global
	GlobalSection(SolutionConfigurationPlatforms) = preSolution
		Debug|Any CPU = Debug|Any CPU
		Debug|x64 = Debug|x64
		Debug|x86 = Debug|x86
		Release|Any CPU = Release|Any CPU
		Release|x64 = Release|x64
		Release|x86 = Release|x86
	EndGlobalSection
	GlobalSection(ProjectConfigurationPlatforms) = postSolution
		{BC13B446-F133-4DD0-951F-243E242B7646}.Debug|Any CPU.ActiveCfg = Debug|Any CPU
		{BC13B446-F133-4DD0-951F-243E242B7646}.Debug|Any CPU.Build.0 = Debug|Any CPU
		{BC13B446-F133-4DD0-951F-243E242B7646}.Debug|x64.ActiveCfg = Debug|Any CPU
		{BC13B446-F133-4DD0-951F-243E242B7646}.Debug|x64.Build.0 = Debug|Any CPU
		{BC13B446-F133-4DD0-951F-243E242B7646}.Debug|x86.ActiveCfg = Debug|Any CPU
		{BC13B446-F133-4DD0-951F-243E242B7646}.Debug|x86.Build.0 = Debug|Any CPU
		{BC13B446-F133-4DD0-951F-243E242B7646}.Release|Any CPU.ActiveCfg = Release|Any CPU
		{BC13B446-F133-4DD0-951F-243E242B7646}.Release|Any CPU.Build.0 = Release|Any CPU
		{BC13B446-F133-4DD0-951F-243E242B7646}.Release|x64.ActiveCfg = Release|Any CPU
		{BC13B446-F133-4DD0-951F-243E242B7646}.Release|x64.Build.0 = Release|Any CPU
		{BC13B446-F133-4DD0-951F-243E242B7646}.Release|x86.ActiveCfg = Release|Any CPU
		{BC13B446-F133-4DD0-951F-243E242B7646}.Release|x86.Build.0 = Release|Any CPU
		{596A7520-B965-4403-86A7-0A6B5224D724}.Debug|Any CPU.ActiveCfg = Debug|Any CPU
		{596A7520-B965-4403-86A7-0A6B5224D724}.Debug|Any CPU.Build.0 = Debug|Any CPU
		{596A7520-B965-4403-86A7-0A6B5224D724}.Debug|x64.ActiveCfg = Debug|Any CPU
		{596A7520-B965-4403-86A7-0A6B5224D724}.Debug|x64.Build.0 = Debug|Any CPU
		{596A7520-B965-4403-86A7-0A6B5224D724}.Debug|x86.ActiveCfg = Debug|Any CPU
		{596A7520-B965-4403-86A7-0A6B5224D724}.Debug|x86.Build.0 = Debug|Any CPU
		{596A7520-B965-4403-86A7-0A6B5224D724}.Release|Any CPU.ActiveCfg = Release|Any CPU
		{596A7520-B965-4403-86A7-0A6B5224D724}.Release|Any CPU.Build.0 = Release|Any CPU
		{596A7520-B965-4403-86A7-0A6B5224D724}.Release|x64.ActiveCfg = Release|Any CPU
		{596A7520-B965-4403-86A7-0A6B5224D724}.Release|x64.Build.0 = Release|Any CPU
		{596A7520-B965-4403-86A7-0A6B5224D724}.Release|x86.ActiveCfg = Release|Any CPU
		{596A7520-B965-4403-86A7-0A6B5224D724}.Release|x86.Build.0 = Release|Any CPU
		{20F77672-B057-40E7-AD64-7B75FF9AF27B}.Debug|Any CPU.ActiveCfg = Debug|Any CPU
		{20F77672-B057-40E7-AD64-7B75FF9AF27B}.Debug|Any CPU.Build.0 = Debug|Any CPU
		{20F77672-B057-40E7-AD64-7B75FF9AF27B}.Debug|x64.ActiveCfg = Debug|Any CPU
		{20F77672-B057-40E7-AD64-7B75FF9AF27B}.Debug|x64.Build.0 = Debug|Any CPU
		{20F77672-B057-40E7-AD64-7B75FF9AF27B}.Debug|x86.ActiveCfg = Debug|Any CPU
		{20F77672-B057-40E7-AD64-7B75FF9AF27B}.Debug|x86.Build.0 = Debug|Any CPU
		{20F77672-B057-40E7-AD64-7B75FF9AF27B}.Release|Any CPU.ActiveCfg = Release|Any CPU
		{20F77672-B057-40E7-AD64-7B75FF9AF27B}.Release|Any CPU.Build.0 = Release|Any CPU
		{20F77672-B057-40E7-AD64-7B75FF9AF27B}.Release|x64.ActiveCfg = Release|Any CPU
		{20F77672-B057-40E7-AD64-7B75FF9AF27B}.Release|x64.Build.0 = Release|Any CPU
		{20F77672-B057-40E7-AD64-7B75FF9AF27B}.Release|x86.ActiveCfg = Release|Any CPU
		{20F77672-B057-40E7-AD64-7B75FF9AF27B}.Release|x86.Build.0 = Release|Any CPU
		{DA1B62D4-4E5C-416E-BF46-9FB734C400A8}.Debug|Any CPU.ActiveCfg = Debug|Any CPU
		{DA1B62D4-4E5C-416E-BF46-9FB734C400A8}.Debug|Any CPU.Build.0 = Debug|Any CPU
		{DA1B62D4-4E5C-416E-BF46-9FB734C400A8}.Debug|x64.ActiveCfg = Debug|Any CPU
		{DA1B62D4-4E5C-416E-BF46-9FB734C400A8}.Debug|x64.Build.0 = Debug|Any CPU
		{DA1B62D4-4E5C-416E-BF46-9FB734C400A8}.Debug|x86.ActiveCfg = Debug|Any CPU
		{DA1B62D4-4E5C-416E-BF46-9FB734C400A8}.Debug|x86.Build.0 = Debug|Any CPU
		{DA1B62D4-4E5C-416E-BF46-9FB734C400A8}.Release|Any CPU.ActiveCfg = Release|Any CPU
		{DA1B62D4-4E5C-416E-BF46-9FB734C400A8}.Release|Any CPU.Build.0 = Release|Any CPU
		{DA1B62D4-4E5C-416E-BF46-9FB734C400A8}.Release|x64.ActiveCfg = Release|Any CPU
		{DA1B62D4-4E5C-416E-BF46-9FB734C400A8}.Release|x64.Build.0 = Release|Any CPU
		{DA1B62D4-4E5C-416E-BF46-9FB734C400A8}.Release|x86.ActiveCfg = Release|Any CPU
		{DA1B62D4-4E5C-416E-BF46-9FB734C400A8}.Release|x86.Build.0 = Release|Any CPU
		{9D5B9DCC-9F61-4B9D-AB56-D844B78B102A}.Debug|Any CPU.ActiveCfg = Debug|Any CPU
		{9D5B9DCC-9F61-4B9D-AB56-D844B78B102A}.Debug|Any CPU.Build.0 = Debug|Any CPU
		{9D5B9DCC-9F61-4B9D-AB56-D844B78B102A}.Debug|x64.ActiveCfg = Debug|Any CPU
		{9D5B9DCC-9F61-4B9D-AB56-D844B78B102A}.Debug|x64.Build.0 = Debug|Any CPU
		{9D5B9DCC-9F61-4B9D-AB56-D844B78B102A}.Debug|x86.ActiveCfg = Debug|Any CPU
		{9D5B9DCC-9F61-4B9D-AB56-D844B78B102A}.Debug|x86.Build.0 = Debug|Any CPU
		{9D5B9DCC-9F61-4B9D-AB56-D844B78B102A}.Release|Any CPU.ActiveCfg = Release|Any CPU
		{9D5B9DCC-9F61-4B9D-AB56-D844B78B102A}.Release|Any CPU.Build.0 = Release|Any CPU
		{9D5B9DCC-9F61-4B9D-AB56-D844B78B102A}.Release|x64.ActiveCfg = Release|Any CPU
		{9D5B9DCC-9F61-4B9D-AB56-D844B78B102A}.Release|x64.Build.0 = Release|Any CPU
		{9D5B9DCC-9F61-4B9D-AB56-D844B78B102A}.Release|x86.ActiveCfg = Release|Any CPU
		{9D5B9DCC-9F61-4B9D-AB56-D844B78B102A}.Release|x86.Build.0 = Release|Any CPU
		{3BAC64DB-05EB-4005-8FAB-79E6BC09E0AD}.Debug|Any CPU.ActiveCfg = Debug|Any CPU
		{3BAC64DB-05EB-4005-8FAB-79E6BC09E0AD}.Debug|Any CPU.Build.0 = Debug|Any CPU
		{3BAC64DB-05EB-4005-8FAB-79E6BC09E0AD}.Debug|x64.ActiveCfg = Debug|Any CPU
		{3BAC64DB-05EB-4005-8FAB-79E6BC09E0AD}.Debug|x64.Build.0 = Debug|Any CPU
		{3BAC64DB-05EB-4005-8FAB-79E6BC09E0AD}.Debug|x86.ActiveCfg = Debug|Any CPU
		{3BAC64DB-05EB-4005-8FAB-79E6BC09E0AD}.Debug|x86.Build.0 = Debug|Any CPU
		{3BAC64DB-05EB-4005-8FAB-79E6BC09E0AD}.Release|Any CPU.ActiveCfg = Release|Any CPU
		{3BAC64DB-05EB-4005-8FAB-79E6BC09E0AD}.Release|Any CPU.Build.0 = Release|Any CPU
		{3BAC64DB-05EB-4005-8FAB-79E6BC09E0AD}.Release|x64.ActiveCfg = Release|Any CPU
		{3BAC64DB-05EB-4005-8FAB-79E6BC09E0AD}.Release|x64.Build.0 = Release|Any CPU
		{3BAC64DB-05EB-4005-8FAB-79E6BC09E0AD}.Release|x86.ActiveCfg = Release|Any CPU
		{3BAC64DB-05EB-4005-8FAB-79E6BC09E0AD}.Release|x86.Build.0 = Release|Any CPU
		{40626368-57D2-48BF-8CF3-EC03ADAE5A24}.Debug|Any CPU.ActiveCfg = Debug|Any CPU
		{40626368-57D2-48BF-8CF3-EC03ADAE5A24}.Debug|Any CPU.Build.0 = Debug|Any CPU
		{40626368-57D2-48BF-8CF3-EC03ADAE5A24}.Debug|x64.ActiveCfg = Debug|Any CPU
		{40626368-57D2-48BF-8CF3-EC03ADAE5A24}.Debug|x64.Build.0 = Debug|Any CPU
		{40626368-57D2-48BF-8CF3-EC03ADAE5A24}.Debug|x86.ActiveCfg = Debug|Any CPU
		{40626368-57D2-48BF-8CF3-EC03ADAE5A24}.Debug|x86.Build.0 = Debug|Any CPU
		{40626368-57D2-48BF-8CF3-EC03ADAE5A24}.Release|Any CPU.ActiveCfg = Release|Any CPU
		{40626368-57D2-48BF-8CF3-EC03ADAE5A24}.Release|Any CPU.Build.0 = Release|Any CPU
		{40626368-57D2-48BF-8CF3-EC03ADAE5A24}.Release|x64.ActiveCfg = Release|Any CPU
		{40626368-57D2-48BF-8CF3-EC03ADAE5A24}.Release|x64.Build.0 = Release|Any CPU
		{40626368-57D2-48BF-8CF3-EC03ADAE5A24}.Release|x86.ActiveCfg = Release|Any CPU
		{40626368-57D2-48BF-8CF3-EC03ADAE5A24}.Release|x86.Build.0 = Release|Any CPU
		{24815A8C-E75E-40BC-81EA-154D5D189DFA}.Debug|Any CPU.ActiveCfg = Debug|Any CPU
		{24815A8C-E75E-40BC-81EA-154D5D189DFA}.Debug|Any CPU.Build.0 = Debug|Any CPU
		{24815A8C-E75E-40BC-81EA-154D5D189DFA}.Debug|x64.ActiveCfg = Debug|Any CPU
		{24815A8C-E75E-40BC-81EA-154D5D189DFA}.Debug|x64.Build.0 = Debug|Any CPU
		{24815A8C-E75E-40BC-81EA-154D5D189DFA}.Debug|x86.ActiveCfg = Debug|Any CPU
		{24815A8C-E75E-40BC-81EA-154D5D189DFA}.Debug|x86.Build.0 = Debug|Any CPU
		{24815A8C-E75E-40BC-81EA-154D5D189DFA}.Release|Any CPU.ActiveCfg = Release|Any CPU
		{24815A8C-E75E-40BC-81EA-154D5D189DFA}.Release|Any CPU.Build.0 = Release|Any CPU
		{24815A8C-E75E-40BC-81EA-154D5D189DFA}.Release|x64.ActiveCfg = Release|Any CPU
		{24815A8C-E75E-40BC-81EA-154D5D189DFA}.Release|x64.Build.0 = Release|Any CPU
		{24815A8C-E75E-40BC-81EA-154D5D189DFA}.Release|x86.ActiveCfg = Release|Any CPU
		{24815A8C-E75E-40BC-81EA-154D5D189DFA}.Release|x86.Build.0 = Release|Any CPU
		{EFE958EE-F866-493B-ACAC-960DBA67E282}.Debug|Any CPU.ActiveCfg = Debug|Any CPU
		{EFE958EE-F866-493B-ACAC-960DBA67E282}.Debug|Any CPU.Build.0 = Debug|Any CPU
		{EFE958EE-F866-493B-ACAC-960DBA67E282}.Debug|x64.ActiveCfg = Debug|Any CPU
		{EFE958EE-F866-493B-ACAC-960DBA67E282}.Debug|x64.Build.0 = Debug|Any CPU
		{EFE958EE-F866-493B-ACAC-960DBA67E282}.Debug|x86.ActiveCfg = Debug|Any CPU
		{EFE958EE-F866-493B-ACAC-960DBA67E282}.Debug|x86.Build.0 = Debug|Any CPU
		{EFE958EE-F866-493B-ACAC-960DBA67E282}.Release|Any CPU.ActiveCfg = Release|Any CPU
		{EFE958EE-F866-493B-ACAC-960DBA67E282}.Release|Any CPU.Build.0 = Release|Any CPU
		{EFE958EE-F866-493B-ACAC-960DBA67E282}.Release|x64.ActiveCfg = Release|Any CPU
		{EFE958EE-F866-493B-ACAC-960DBA67E282}.Release|x64.Build.0 = Release|Any CPU
		{EFE958EE-F866-493B-ACAC-960DBA67E282}.Release|x86.ActiveCfg = Release|Any CPU
		{EFE958EE-F866-493B-ACAC-960DBA67E282}.Release|x86.Build.0 = Release|Any CPU
	EndGlobalSection
	GlobalSection(SolutionProperties) = preSolution
		HideSolutionNode = FALSE
	EndGlobalSection
	GlobalSection(NestedProjects) = preSolution
		{BC13B446-F133-4DD0-951F-243E242B7646} = {01E344D1-1368-42B7-A40B-4275846FF4EB}
		{596A7520-B965-4403-86A7-0A6B5224D724} = {01E344D1-1368-42B7-A40B-4275846FF4EB}
		{20F77672-B057-40E7-AD64-7B75FF9AF27B} = {01E344D1-1368-42B7-A40B-4275846FF4EB}
		{DA1B62D4-4E5C-416E-BF46-9FB734C400A8} = {01E344D1-1368-42B7-A40B-4275846FF4EB}
		{9D5B9DCC-9F61-4B9D-AB56-D844B78B102A} = {2E350569-EBA0-42C2-B5D3-174C0F74CB54}
		{3BAC64DB-05EB-4005-8FAB-79E6BC09E0AD} = {2E350569-EBA0-42C2-B5D3-174C0F74CB54}
		{40626368-57D2-48BF-8CF3-EC03ADAE5A24} = {2E350569-EBA0-42C2-B5D3-174C0F74CB54}
		{24815A8C-E75E-40BC-81EA-154D5D189DFA} = {2E350569-EBA0-42C2-B5D3-174C0F74CB54}
		{EFE958EE-F866-493B-ACAC-960DBA67E282} = {2E350569-EBA0-42C2-B5D3-174C0F74CB54}
	EndGlobalSection
	GlobalSection(ExtensibilityGlobals) = postSolution
		SolutionGuid = {F7C539BC-E06B-41B5-A817-E7BD694EDCC0}
	EndGlobalSection
EndGlobal
