
Microsoft Visual Studio Solution File, Format Version 12.00
# Visual Studio 15
VisualStudioVersion = 15.0.26124.0
MinimumVisualStudioVersion = 15.0.26124.0
Project("{2150E333-8FDC-42A3-9474-1A3956D46DE8}") = "Source", "Source", "{FED87752-50E7-4BBD-98EB-844222B41E4E}"
EndProject
Project("{FAE04EC0-301F-11D3-BF4B-00C04F79EFBC}") = "DeployBothSystem.Api", "Source\DeployBothSystem.Api\DeployBothSystem.Api.csproj", "{EF955CCC-3551-4C15-B6B8-360AD3368FC0}"
EndProject
Project("{FAE04EC0-301F-11D3-BF4B-00C04F79EFBC}") = "DeployBothSystem.Bll", "Source\DeployBothSystem.Bll\DeployBothSystem.Bll.csproj", "{7188FF92-7F75-4C8D-89CF-7BB1FDE4489D}"
EndProject
Project("{FAE04EC0-301F-11D3-BF4B-00C04F79EFBC}") = "DeployBothSystem.Common", "Source\DeployBothSystem.Common\DeployBothSystem.Common.csproj", "{DA5336FA-A179-4F9C-B22A-8ECC7B056E7E}"
EndProject
Project("{FAE04EC0-301F-11D3-BF4B-00C04F79EFBC}") = "DeployBothSystem.Dal", "Source\DeployBothSystem.Dal\DeployBothSystem.Dal.csproj", "{AFEAB410-D77F-4523-9B16-EB1FB9B68C57}"
EndProject
Project("{2150E333-8FDC-42A3-9474-1A3956D46DE8}") = "Test", "Test", "{65AEF6B3-D199-4ADC-9A39-2DCCFD72D262}"
EndProject
Project("{FAE04EC0-301F-11D3-BF4B-00C04F79EFBC}") = "DeployBothSystem.Api.Test", "Test\DeployBothSystem.Api.Test\DeployBothSystem.Api.Test.csproj", "{D548DD64-4201-4534-93EC-E92C75235238}"
EndProject
Project("{FAE04EC0-301F-11D3-BF4B-00C04F79EFBC}") = "DeployBothSystem.Bll.Test", "Test\DeployBothSystem.Bll.Test\DeployBothSystem.Bll.Test.csproj", "{274E6468-F8C7-4390-9677-D89A3B9C676A}"
EndProject
Project("{FAE04EC0-301F-11D3-BF4B-00C04F79EFBC}") = "DeployBothSystem.Common.Test", "Test\DeployBothSystem.Common.Test\DeployBothSystem.Common.Test.csproj", "{038734EB-204F-4FCA-BF9B-5416D2329A27}"
EndProject
Project("{FAE04EC0-301F-11D3-BF4B-00C04F79EFBC}") = "DeployBothSystem.Dal.Test", "Test\DeployBothSystem.Dal.Test\DeployBothSystem.Dal.Test.csproj", "{5C2F6D20-C1B8-4587-9E7E-C5EFA7F47CF4}"
EndProject
Project("{FAE04EC0-301F-11D3-BF4B-00C04F79EFBC}") = "DeployBothSystem.Helpers.Test", "Test\DeployBothSystem.Helpers.Test\DeployBothSystem.Helpers.Test.csproj", "{BCF4F391-275D-4D5C-920E-88BD0291D12E}"
EndProject
Global
	GlobalSection(SolutionConfigurationPlatforms) = preSolution
		Debug|Any CPU = Debug|Any CPU
		Debug|x64 = Debug|x64
		Debug|x86 = Debug|x86
		Release|Any CPU = Release|Any CPU
		Release|x64 = Release|x64
		Release|x86 = Release|x86
	EndGlobalSection
	GlobalSection(SolutionProperties) = preSolution
		HideSolutionNode = FALSE
	EndGlobalSection
	GlobalSection(ProjectConfigurationPlatforms) = postSolution
		{EF955CCC-3551-4C15-B6B8-360AD3368FC0}.Debug|Any CPU.ActiveCfg = Debug|Any CPU
		{EF955CCC-3551-4C15-B6B8-360AD3368FC0}.Debug|Any CPU.Build.0 = Debug|Any CPU
		{EF955CCC-3551-4C15-B6B8-360AD3368FC0}.Debug|x64.ActiveCfg = Debug|Any CPU
		{EF955CCC-3551-4C15-B6B8-360AD3368FC0}.Debug|x64.Build.0 = Debug|Any CPU
		{EF955CCC-3551-4C15-B6B8-360AD3368FC0}.Debug|x86.ActiveCfg = Debug|Any CPU
		{EF955CCC-3551-4C15-B6B8-360AD3368FC0}.Debug|x86.Build.0 = Debug|Any CPU
		{EF955CCC-3551-4C15-B6B8-360AD3368FC0}.Release|Any CPU.ActiveCfg = Release|Any CPU
		{EF955CCC-3551-4C15-B6B8-360AD3368FC0}.Release|Any CPU.Build.0 = Release|Any CPU
		{EF955CCC-3551-4C15-B6B8-360AD3368FC0}.Release|x64.ActiveCfg = Release|Any CPU
		{EF955CCC-3551-4C15-B6B8-360AD3368FC0}.Release|x64.Build.0 = Release|Any CPU
		{EF955CCC-3551-4C15-B6B8-360AD3368FC0}.Release|x86.ActiveCfg = Release|Any CPU
		{EF955CCC-3551-4C15-B6B8-360AD3368FC0}.Release|x86.Build.0 = Release|Any CPU
		{7188FF92-7F75-4C8D-89CF-7BB1FDE4489D}.Debug|Any CPU.ActiveCfg = Debug|Any CPU
		{7188FF92-7F75-4C8D-89CF-7BB1FDE4489D}.Debug|Any CPU.Build.0 = Debug|Any CPU
		{7188FF92-7F75-4C8D-89CF-7BB1FDE4489D}.Debug|x64.ActiveCfg = Debug|Any CPU
		{7188FF92-7F75-4C8D-89CF-7BB1FDE4489D}.Debug|x64.Build.0 = Debug|Any CPU
		{7188FF92-7F75-4C8D-89CF-7BB1FDE4489D}.Debug|x86.ActiveCfg = Debug|Any CPU
		{7188FF92-7F75-4C8D-89CF-7BB1FDE4489D}.Debug|x86.Build.0 = Debug|Any CPU
		{7188FF92-7F75-4C8D-89CF-7BB1FDE4489D}.Release|Any CPU.ActiveCfg = Release|Any CPU
		{7188FF92-7F75-4C8D-89CF-7BB1FDE4489D}.Release|Any CPU.Build.0 = Release|Any CPU
		{7188FF92-7F75-4C8D-89CF-7BB1FDE4489D}.Release|x64.ActiveCfg = Release|Any CPU
		{7188FF92-7F75-4C8D-89CF-7BB1FDE4489D}.Release|x64.Build.0 = Release|Any CPU
		{7188FF92-7F75-4C8D-89CF-7BB1FDE4489D}.Release|x86.ActiveCfg = Release|Any CPU
		{7188FF92-7F75-4C8D-89CF-7BB1FDE4489D}.Release|x86.Build.0 = Release|Any CPU
		{DA5336FA-A179-4F9C-B22A-8ECC7B056E7E}.Debug|Any CPU.ActiveCfg = Debug|Any CPU
		{DA5336FA-A179-4F9C-B22A-8ECC7B056E7E}.Debug|Any CPU.Build.0 = Debug|Any CPU
		{DA5336FA-A179-4F9C-B22A-8ECC7B056E7E}.Debug|x64.ActiveCfg = Debug|Any CPU
		{DA5336FA-A179-4F9C-B22A-8ECC7B056E7E}.Debug|x64.Build.0 = Debug|Any CPU
		{DA5336FA-A179-4F9C-B22A-8ECC7B056E7E}.Debug|x86.ActiveCfg = Debug|Any CPU
		{DA5336FA-A179-4F9C-B22A-8ECC7B056E7E}.Debug|x86.Build.0 = Debug|Any CPU
		{DA5336FA-A179-4F9C-B22A-8ECC7B056E7E}.Release|Any CPU.ActiveCfg = Release|Any CPU
		{DA5336FA-A179-4F9C-B22A-8ECC7B056E7E}.Release|Any CPU.Build.0 = Release|Any CPU
		{DA5336FA-A179-4F9C-B22A-8ECC7B056E7E}.Release|x64.ActiveCfg = Release|Any CPU
		{DA5336FA-A179-4F9C-B22A-8ECC7B056E7E}.Release|x64.Build.0 = Release|Any CPU
		{DA5336FA-A179-4F9C-B22A-8ECC7B056E7E}.Release|x86.ActiveCfg = Release|Any CPU
		{DA5336FA-A179-4F9C-B22A-8ECC7B056E7E}.Release|x86.Build.0 = Release|Any CPU
		{AFEAB410-D77F-4523-9B16-EB1FB9B68C57}.Debug|Any CPU.ActiveCfg = Debug|Any CPU
		{AFEAB410-D77F-4523-9B16-EB1FB9B68C57}.Debug|Any CPU.Build.0 = Debug|Any CPU
		{AFEAB410-D77F-4523-9B16-EB1FB9B68C57}.Debug|x64.ActiveCfg = Debug|Any CPU
		{AFEAB410-D77F-4523-9B16-EB1FB9B68C57}.Debug|x64.Build.0 = Debug|Any CPU
		{AFEAB410-D77F-4523-9B16-EB1FB9B68C57}.Debug|x86.ActiveCfg = Debug|Any CPU
		{AFEAB410-D77F-4523-9B16-EB1FB9B68C57}.Debug|x86.Build.0 = Debug|Any CPU
		{AFEAB410-D77F-4523-9B16-EB1FB9B68C57}.Release|Any CPU.ActiveCfg = Release|Any CPU
		{AFEAB410-D77F-4523-9B16-EB1FB9B68C57}.Release|Any CPU.Build.0 = Release|Any CPU
		{AFEAB410-D77F-4523-9B16-EB1FB9B68C57}.Release|x64.ActiveCfg = Release|Any CPU
		{AFEAB410-D77F-4523-9B16-EB1FB9B68C57}.Release|x64.Build.0 = Release|Any CPU
		{AFEAB410-D77F-4523-9B16-EB1FB9B68C57}.Release|x86.ActiveCfg = Release|Any CPU
		{AFEAB410-D77F-4523-9B16-EB1FB9B68C57}.Release|x86.Build.0 = Release|Any CPU
		{D548DD64-4201-4534-93EC-E92C75235238}.Debug|Any CPU.ActiveCfg = Debug|Any CPU
		{D548DD64-4201-4534-93EC-E92C75235238}.Debug|Any CPU.Build.0 = Debug|Any CPU
		{D548DD64-4201-4534-93EC-E92C75235238}.Debug|x64.ActiveCfg = Debug|Any CPU
		{D548DD64-4201-4534-93EC-E92C75235238}.Debug|x64.Build.0 = Debug|Any CPU
		{D548DD64-4201-4534-93EC-E92C75235238}.Debug|x86.ActiveCfg = Debug|Any CPU
		{D548DD64-4201-4534-93EC-E92C75235238}.Debug|x86.Build.0 = Debug|Any CPU
		{D548DD64-4201-4534-93EC-E92C75235238}.Release|Any CPU.ActiveCfg = Release|Any CPU
		{D548DD64-4201-4534-93EC-E92C75235238}.Release|Any CPU.Build.0 = Release|Any CPU
		{D548DD64-4201-4534-93EC-E92C75235238}.Release|x64.ActiveCfg = Release|Any CPU
		{D548DD64-4201-4534-93EC-E92C75235238}.Release|x64.Build.0 = Release|Any CPU
		{D548DD64-4201-4534-93EC-E92C75235238}.Release|x86.ActiveCfg = Release|Any CPU
		{D548DD64-4201-4534-93EC-E92C75235238}.Release|x86.Build.0 = Release|Any CPU
		{274E6468-F8C7-4390-9677-D89A3B9C676A}.Debug|Any CPU.ActiveCfg = Debug|Any CPU
		{274E6468-F8C7-4390-9677-D89A3B9C676A}.Debug|Any CPU.Build.0 = Debug|Any CPU
		{274E6468-F8C7-4390-9677-D89A3B9C676A}.Debug|x64.ActiveCfg = Debug|Any CPU
		{274E6468-F8C7-4390-9677-D89A3B9C676A}.Debug|x64.Build.0 = Debug|Any CPU
		{274E6468-F8C7-4390-9677-D89A3B9C676A}.Debug|x86.ActiveCfg = Debug|Any CPU
		{274E6468-F8C7-4390-9677-D89A3B9C676A}.Debug|x86.Build.0 = Debug|Any CPU
		{274E6468-F8C7-4390-9677-D89A3B9C676A}.Release|Any CPU.ActiveCfg = Release|Any CPU
		{274E6468-F8C7-4390-9677-D89A3B9C676A}.Release|Any CPU.Build.0 = Release|Any CPU
		{274E6468-F8C7-4390-9677-D89A3B9C676A}.Release|x64.ActiveCfg = Release|Any CPU
		{274E6468-F8C7-4390-9677-D89A3B9C676A}.Release|x64.Build.0 = Release|Any CPU
		{274E6468-F8C7-4390-9677-D89A3B9C676A}.Release|x86.ActiveCfg = Release|Any CPU
		{274E6468-F8C7-4390-9677-D89A3B9C676A}.Release|x86.Build.0 = Release|Any CPU
		{038734EB-204F-4FCA-BF9B-5416D2329A27}.Debug|Any CPU.ActiveCfg = Debug|Any CPU
		{038734EB-204F-4FCA-BF9B-5416D2329A27}.Debug|Any CPU.Build.0 = Debug|Any CPU
		{038734EB-204F-4FCA-BF9B-5416D2329A27}.Debug|x64.ActiveCfg = Debug|Any CPU
		{038734EB-204F-4FCA-BF9B-5416D2329A27}.Debug|x64.Build.0 = Debug|Any CPU
		{038734EB-204F-4FCA-BF9B-5416D2329A27}.Debug|x86.ActiveCfg = Debug|Any CPU
		{038734EB-204F-4FCA-BF9B-5416D2329A27}.Debug|x86.Build.0 = Debug|Any CPU
		{038734EB-204F-4FCA-BF9B-5416D2329A27}.Release|Any CPU.ActiveCfg = Release|Any CPU
		{038734EB-204F-4FCA-BF9B-5416D2329A27}.Release|Any CPU.Build.0 = Release|Any CPU
		{038734EB-204F-4FCA-BF9B-5416D2329A27}.Release|x64.ActiveCfg = Release|Any CPU
		{038734EB-204F-4FCA-BF9B-5416D2329A27}.Release|x64.Build.0 = Release|Any CPU
		{038734EB-204F-4FCA-BF9B-5416D2329A27}.Release|x86.ActiveCfg = Release|Any CPU
		{038734EB-204F-4FCA-BF9B-5416D2329A27}.Release|x86.Build.0 = Release|Any CPU
		{5C2F6D20-C1B8-4587-9E7E-C5EFA7F47CF4}.Debug|Any CPU.ActiveCfg = Debug|Any CPU
		{5C2F6D20-C1B8-4587-9E7E-C5EFA7F47CF4}.Debug|Any CPU.Build.0 = Debug|Any CPU
		{5C2F6D20-C1B8-4587-9E7E-C5EFA7F47CF4}.Debug|x64.ActiveCfg = Debug|Any CPU
		{5C2F6D20-C1B8-4587-9E7E-C5EFA7F47CF4}.Debug|x64.Build.0 = Debug|Any CPU
		{5C2F6D20-C1B8-4587-9E7E-C5EFA7F47CF4}.Debug|x86.ActiveCfg = Debug|Any CPU
		{5C2F6D20-C1B8-4587-9E7E-C5EFA7F47CF4}.Debug|x86.Build.0 = Debug|Any CPU
		{5C2F6D20-C1B8-4587-9E7E-C5EFA7F47CF4}.Release|Any CPU.ActiveCfg = Release|Any CPU
		{5C2F6D20-C1B8-4587-9E7E-C5EFA7F47CF4}.Release|Any CPU.Build.0 = Release|Any CPU
		{5C2F6D20-C1B8-4587-9E7E-C5EFA7F47CF4}.Release|x64.ActiveCfg = Release|Any CPU
		{5C2F6D20-C1B8-4587-9E7E-C5EFA7F47CF4}.Release|x64.Build.0 = Release|Any CPU
		{5C2F6D20-C1B8-4587-9E7E-C5EFA7F47CF4}.Release|x86.ActiveCfg = Release|Any CPU
		{5C2F6D20-C1B8-4587-9E7E-C5EFA7F47CF4}.Release|x86.Build.0 = Release|Any CPU
		{BCF4F391-275D-4D5C-920E-88BD0291D12E}.Debug|Any CPU.ActiveCfg = Debug|Any CPU
		{BCF4F391-275D-4D5C-920E-88BD0291D12E}.Debug|Any CPU.Build.0 = Debug|Any CPU
		{BCF4F391-275D-4D5C-920E-88BD0291D12E}.Debug|x64.ActiveCfg = Debug|Any CPU
		{BCF4F391-275D-4D5C-920E-88BD0291D12E}.Debug|x64.Build.0 = Debug|Any CPU
		{BCF4F391-275D-4D5C-920E-88BD0291D12E}.Debug|x86.ActiveCfg = Debug|Any CPU
		{BCF4F391-275D-4D5C-920E-88BD0291D12E}.Debug|x86.Build.0 = Debug|Any CPU
		{BCF4F391-275D-4D5C-920E-88BD0291D12E}.Release|Any CPU.ActiveCfg = Release|Any CPU
		{BCF4F391-275D-4D5C-920E-88BD0291D12E}.Release|Any CPU.Build.0 = Release|Any CPU
		{BCF4F391-275D-4D5C-920E-88BD0291D12E}.Release|x64.ActiveCfg = Release|Any CPU
		{BCF4F391-275D-4D5C-920E-88BD0291D12E}.Release|x64.Build.0 = Release|Any CPU
		{BCF4F391-275D-4D5C-920E-88BD0291D12E}.Release|x86.ActiveCfg = Release|Any CPU
		{BCF4F391-275D-4D5C-920E-88BD0291D12E}.Release|x86.Build.0 = Release|Any CPU
	EndGlobalSection
	GlobalSection(NestedProjects) = preSolution
		{EF955CCC-3551-4C15-B6B8-360AD3368FC0} = {FED87752-50E7-4BBD-98EB-844222B41E4E}
		{7188FF92-7F75-4C8D-89CF-7BB1FDE4489D} = {FED87752-50E7-4BBD-98EB-844222B41E4E}
		{DA5336FA-A179-4F9C-B22A-8ECC7B056E7E} = {FED87752-50E7-4BBD-98EB-844222B41E4E}
		{AFEAB410-D77F-4523-9B16-EB1FB9B68C57} = {FED87752-50E7-4BBD-98EB-844222B41E4E}
		{D548DD64-4201-4534-93EC-E92C75235238} = {65AEF6B3-D199-4ADC-9A39-2DCCFD72D262}
		{274E6468-F8C7-4390-9677-D89A3B9C676A} = {65AEF6B3-D199-4ADC-9A39-2DCCFD72D262}
		{038734EB-204F-4FCA-BF9B-5416D2329A27} = {65AEF6B3-D199-4ADC-9A39-2DCCFD72D262}
		{5C2F6D20-C1B8-4587-9E7E-C5EFA7F47CF4} = {65AEF6B3-D199-4ADC-9A39-2DCCFD72D262}
		{BCF4F391-275D-4D5C-920E-88BD0291D12E} = {65AEF6B3-D199-4ADC-9A39-2DCCFD72D262}
	EndGlobalSection
EndGlobal
