
Microsoft Visual Studio Solution File, Format Version 12.00
# Visual Studio 15
VisualStudioVersion = 15.0.26124.0
MinimumVisualStudioVersion = 15.0.26124.0
Project("{2150E333-8FDC-42A3-9474-1A3956D46DE8}") = "Source", "Source", "{3267A223-9F63-4A5A-9B65-63651C85CA9F}"
EndProject
Project("{FAE04EC0-301F-11D3-BF4B-00C04F79EFBC}") = "Catalogue2.Api", "Source\Catalogue2.Api\Catalogue2.Api.csproj", "{47A899EB-61E6-4793-B473-97079CFB0479}"
EndProject
Project("{FAE04EC0-301F-11D3-BF4B-00C04F79EFBC}") = "Catalogue2.Bll", "Source\Catalogue2.Bll\Catalogue2.Bll.csproj", "{2B13A395-EFC3-4ECF-AB58-E41A8D11F636}"
EndProject
Project("{FAE04EC0-301F-11D3-BF4B-00C04F79EFBC}") = "Catalogue2.Common", "Source\Catalogue2.Common\Catalogue2.Common.csproj", "{0DA14E37-EB54-4ACF-845D-BD436795E379}"
EndProject
Project("{FAE04EC0-301F-11D3-BF4B-00C04F79EFBC}") = "Catalogue2.Dal", "Source\Catalogue2.Dal\Catalogue2.Dal.csproj", "{80896CC3-8F86-4B18-8C3F-9C35925BCBD2}"
EndProject
Project("{2150E333-8FDC-42A3-9474-1A3956D46DE8}") = "Test", "Test", "{E733AF9B-4237-4246-883A-1EBFAA370599}"
EndProject
Project("{FAE04EC0-301F-11D3-BF4B-00C04F79EFBC}") = "Catalogue2.Api.Test", "Test\Catalogue2.Api.Test\Catalogue2.Api.Test.csproj", "{B464446D-2E6F-449D-9983-1E72036A6A05}"
EndProject
Project("{FAE04EC0-301F-11D3-BF4B-00C04F79EFBC}") = "Catalogue2.Bll.Test", "Test\Catalogue2.Bll.Test\Catalogue2.Bll.Test.csproj", "{10C03EB1-D443-4DE2-99F6-7F41ED075625}"
EndProject
Project("{FAE04EC0-301F-11D3-BF4B-00C04F79EFBC}") = "Catalogue2.Common.Test", "Test\Catalogue2.Common.Test\Catalogue2.Common.Test.csproj", "{DD18DA28-2B15-4E9C-AFD1-3FD7D4F7B507}"
EndProject
Project("{FAE04EC0-301F-11D3-BF4B-00C04F79EFBC}") = "Catalogue2.Dal.Test", "Test\Catalogue2.Dal.Test\Catalogue2.Dal.Test.csproj", "{698C3DC1-1DB6-43B5-9174-E0B7CFF7E33D}"
EndProject
Project("{FAE04EC0-301F-11D3-BF4B-00C04F79EFBC}") = "Catalogue2.Helpers.Test", "Test\Catalogue2.Helpers.Test\Catalogue2.Helpers.Test.csproj", "{8BBFBA3A-1461-4653-87A6-AFD44F80A02C}"
EndProject
Global
	GlobalSection(SolutionConfigurationPlatforms) = preSolution
		Debug|Any CPU = Debug|Any CPU
		Debug|x64 = Debug|x64
		Debug|x86 = Debug|x86
		Release|Any CPU = Release|Any CPU
		Release|x64 = Release|x64
		Release|x86 = Release|x86
	EndGlobalSection
	GlobalSection(SolutionProperties) = preSolution
		HideSolutionNode = FALSE
	EndGlobalSection
	GlobalSection(ProjectConfigurationPlatforms) = postSolution
		{47A899EB-61E6-4793-B473-97079CFB0479}.Debug|Any CPU.ActiveCfg = Debug|Any CPU
		{47A899EB-61E6-4793-B473-97079CFB0479}.Debug|Any CPU.Build.0 = Debug|Any CPU
		{47A899EB-61E6-4793-B473-97079CFB0479}.Debug|x64.ActiveCfg = Debug|Any CPU
		{47A899EB-61E6-4793-B473-97079CFB0479}.Debug|x64.Build.0 = Debug|Any CPU
		{47A899EB-61E6-4793-B473-97079CFB0479}.Debug|x86.ActiveCfg = Debug|Any CPU
		{47A899EB-61E6-4793-B473-97079CFB0479}.Debug|x86.Build.0 = Debug|Any CPU
		{47A899EB-61E6-4793-B473-97079CFB0479}.Release|Any CPU.ActiveCfg = Release|Any CPU
		{47A899EB-61E6-4793-B473-97079CFB0479}.Release|Any CPU.Build.0 = Release|Any CPU
		{47A899EB-61E6-4793-B473-97079CFB0479}.Release|x64.ActiveCfg = Release|Any CPU
		{47A899EB-61E6-4793-B473-97079CFB0479}.Release|x64.Build.0 = Release|Any CPU
		{47A899EB-61E6-4793-B473-97079CFB0479}.Release|x86.ActiveCfg = Release|Any CPU
		{47A899EB-61E6-4793-B473-97079CFB0479}.Release|x86.Build.0 = Release|Any CPU
		{2B13A395-EFC3-4ECF-AB58-E41A8D11F636}.Debug|Any CPU.ActiveCfg = Debug|Any CPU
		{2B13A395-EFC3-4ECF-AB58-E41A8D11F636}.Debug|Any CPU.Build.0 = Debug|Any CPU
		{2B13A395-EFC3-4ECF-AB58-E41A8D11F636}.Debug|x64.ActiveCfg = Debug|Any CPU
		{2B13A395-EFC3-4ECF-AB58-E41A8D11F636}.Debug|x64.Build.0 = Debug|Any CPU
		{2B13A395-EFC3-4ECF-AB58-E41A8D11F636}.Debug|x86.ActiveCfg = Debug|Any CPU
		{2B13A395-EFC3-4ECF-AB58-E41A8D11F636}.Debug|x86.Build.0 = Debug|Any CPU
		{2B13A395-EFC3-4ECF-AB58-E41A8D11F636}.Release|Any CPU.ActiveCfg = Release|Any CPU
		{2B13A395-EFC3-4ECF-AB58-E41A8D11F636}.Release|Any CPU.Build.0 = Release|Any CPU
		{2B13A395-EFC3-4ECF-AB58-E41A8D11F636}.Release|x64.ActiveCfg = Release|Any CPU
		{2B13A395-EFC3-4ECF-AB58-E41A8D11F636}.Release|x64.Build.0 = Release|Any CPU
		{2B13A395-EFC3-4ECF-AB58-E41A8D11F636}.Release|x86.ActiveCfg = Release|Any CPU
		{2B13A395-EFC3-4ECF-AB58-E41A8D11F636}.Release|x86.Build.0 = Release|Any CPU
		{0DA14E37-EB54-4ACF-845D-BD436795E379}.Debug|Any CPU.ActiveCfg = Debug|Any CPU
		{0DA14E37-EB54-4ACF-845D-BD436795E379}.Debug|Any CPU.Build.0 = Debug|Any CPU
		{0DA14E37-EB54-4ACF-845D-BD436795E379}.Debug|x64.ActiveCfg = Debug|Any CPU
		{0DA14E37-EB54-4ACF-845D-BD436795E379}.Debug|x64.Build.0 = Debug|Any CPU
		{0DA14E37-EB54-4ACF-845D-BD436795E379}.Debug|x86.ActiveCfg = Debug|Any CPU
		{0DA14E37-EB54-4ACF-845D-BD436795E379}.Debug|x86.Build.0 = Debug|Any CPU
		{0DA14E37-EB54-4ACF-845D-BD436795E379}.Release|Any CPU.ActiveCfg = Release|Any CPU
		{0DA14E37-EB54-4ACF-845D-BD436795E379}.Release|Any CPU.Build.0 = Release|Any CPU
		{0DA14E37-EB54-4ACF-845D-BD436795E379}.Release|x64.ActiveCfg = Release|Any CPU
		{0DA14E37-EB54-4ACF-845D-BD436795E379}.Release|x64.Build.0 = Release|Any CPU
		{0DA14E37-EB54-4ACF-845D-BD436795E379}.Release|x86.ActiveCfg = Release|Any CPU
		{0DA14E37-EB54-4ACF-845D-BD436795E379}.Release|x86.Build.0 = Release|Any CPU
		{80896CC3-8F86-4B18-8C3F-9C35925BCBD2}.Debug|Any CPU.ActiveCfg = Debug|Any CPU
		{80896CC3-8F86-4B18-8C3F-9C35925BCBD2}.Debug|Any CPU.Build.0 = Debug|Any CPU
		{80896CC3-8F86-4B18-8C3F-9C35925BCBD2}.Debug|x64.ActiveCfg = Debug|Any CPU
		{80896CC3-8F86-4B18-8C3F-9C35925BCBD2}.Debug|x64.Build.0 = Debug|Any CPU
		{80896CC3-8F86-4B18-8C3F-9C35925BCBD2}.Debug|x86.ActiveCfg = Debug|Any CPU
		{80896CC3-8F86-4B18-8C3F-9C35925BCBD2}.Debug|x86.Build.0 = Debug|Any CPU
		{80896CC3-8F86-4B18-8C3F-9C35925BCBD2}.Release|Any CPU.ActiveCfg = Release|Any CPU
		{80896CC3-8F86-4B18-8C3F-9C35925BCBD2}.Release|Any CPU.Build.0 = Release|Any CPU
		{80896CC3-8F86-4B18-8C3F-9C35925BCBD2}.Release|x64.ActiveCfg = Release|Any CPU
		{80896CC3-8F86-4B18-8C3F-9C35925BCBD2}.Release|x64.Build.0 = Release|Any CPU
		{80896CC3-8F86-4B18-8C3F-9C35925BCBD2}.Release|x86.ActiveCfg = Release|Any CPU
		{80896CC3-8F86-4B18-8C3F-9C35925BCBD2}.Release|x86.Build.0 = Release|Any CPU
		{B464446D-2E6F-449D-9983-1E72036A6A05}.Debug|Any CPU.ActiveCfg = Debug|Any CPU
		{B464446D-2E6F-449D-9983-1E72036A6A05}.Debug|Any CPU.Build.0 = Debug|Any CPU
		{B464446D-2E6F-449D-9983-1E72036A6A05}.Debug|x64.ActiveCfg = Debug|Any CPU
		{B464446D-2E6F-449D-9983-1E72036A6A05}.Debug|x64.Build.0 = Debug|Any CPU
		{B464446D-2E6F-449D-9983-1E72036A6A05}.Debug|x86.ActiveCfg = Debug|Any CPU
		{B464446D-2E6F-449D-9983-1E72036A6A05}.Debug|x86.Build.0 = Debug|Any CPU
		{B464446D-2E6F-449D-9983-1E72036A6A05}.Release|Any CPU.ActiveCfg = Release|Any CPU
		{B464446D-2E6F-449D-9983-1E72036A6A05}.Release|Any CPU.Build.0 = Release|Any CPU
		{B464446D-2E6F-449D-9983-1E72036A6A05}.Release|x64.ActiveCfg = Release|Any CPU
		{B464446D-2E6F-449D-9983-1E72036A6A05}.Release|x64.Build.0 = Release|Any CPU
		{B464446D-2E6F-449D-9983-1E72036A6A05}.Release|x86.ActiveCfg = Release|Any CPU
		{B464446D-2E6F-449D-9983-1E72036A6A05}.Release|x86.Build.0 = Release|Any CPU
		{10C03EB1-D443-4DE2-99F6-7F41ED075625}.Debug|Any CPU.ActiveCfg = Debug|Any CPU
		{10C03EB1-D443-4DE2-99F6-7F41ED075625}.Debug|Any CPU.Build.0 = Debug|Any CPU
		{10C03EB1-D443-4DE2-99F6-7F41ED075625}.Debug|x64.ActiveCfg = Debug|Any CPU
		{10C03EB1-D443-4DE2-99F6-7F41ED075625}.Debug|x64.Build.0 = Debug|Any CPU
		{10C03EB1-D443-4DE2-99F6-7F41ED075625}.Debug|x86.ActiveCfg = Debug|Any CPU
		{10C03EB1-D443-4DE2-99F6-7F41ED075625}.Debug|x86.Build.0 = Debug|Any CPU
		{10C03EB1-D443-4DE2-99F6-7F41ED075625}.Release|Any CPU.ActiveCfg = Release|Any CPU
		{10C03EB1-D443-4DE2-99F6-7F41ED075625}.Release|Any CPU.Build.0 = Release|Any CPU
		{10C03EB1-D443-4DE2-99F6-7F41ED075625}.Release|x64.ActiveCfg = Release|Any CPU
		{10C03EB1-D443-4DE2-99F6-7F41ED075625}.Release|x64.Build.0 = Release|Any CPU
		{10C03EB1-D443-4DE2-99F6-7F41ED075625}.Release|x86.ActiveCfg = Release|Any CPU
		{10C03EB1-D443-4DE2-99F6-7F41ED075625}.Release|x86.Build.0 = Release|Any CPU
		{DD18DA28-2B15-4E9C-AFD1-3FD7D4F7B507}.Debug|Any CPU.ActiveCfg = Debug|Any CPU
		{DD18DA28-2B15-4E9C-AFD1-3FD7D4F7B507}.Debug|Any CPU.Build.0 = Debug|Any CPU
		{DD18DA28-2B15-4E9C-AFD1-3FD7D4F7B507}.Debug|x64.ActiveCfg = Debug|Any CPU
		{DD18DA28-2B15-4E9C-AFD1-3FD7D4F7B507}.Debug|x64.Build.0 = Debug|Any CPU
		{DD18DA28-2B15-4E9C-AFD1-3FD7D4F7B507}.Debug|x86.ActiveCfg = Debug|Any CPU
		{DD18DA28-2B15-4E9C-AFD1-3FD7D4F7B507}.Debug|x86.Build.0 = Debug|Any CPU
		{DD18DA28-2B15-4E9C-AFD1-3FD7D4F7B507}.Release|Any CPU.ActiveCfg = Release|Any CPU
		{DD18DA28-2B15-4E9C-AFD1-3FD7D4F7B507}.Release|Any CPU.Build.0 = Release|Any CPU
		{DD18DA28-2B15-4E9C-AFD1-3FD7D4F7B507}.Release|x64.ActiveCfg = Release|Any CPU
		{DD18DA28-2B15-4E9C-AFD1-3FD7D4F7B507}.Release|x64.Build.0 = Release|Any CPU
		{DD18DA28-2B15-4E9C-AFD1-3FD7D4F7B507}.Release|x86.ActiveCfg = Release|Any CPU
		{DD18DA28-2B15-4E9C-AFD1-3FD7D4F7B507}.Release|x86.Build.0 = Release|Any CPU
		{698C3DC1-1DB6-43B5-9174-E0B7CFF7E33D}.Debug|Any CPU.ActiveCfg = Debug|Any CPU
		{698C3DC1-1DB6-43B5-9174-E0B7CFF7E33D}.Debug|Any CPU.Build.0 = Debug|Any CPU
		{698C3DC1-1DB6-43B5-9174-E0B7CFF7E33D}.Debug|x64.ActiveCfg = Debug|Any CPU
		{698C3DC1-1DB6-43B5-9174-E0B7CFF7E33D}.Debug|x64.Build.0 = Debug|Any CPU
		{698C3DC1-1DB6-43B5-9174-E0B7CFF7E33D}.Debug|x86.ActiveCfg = Debug|Any CPU
		{698C3DC1-1DB6-43B5-9174-E0B7CFF7E33D}.Debug|x86.Build.0 = Debug|Any CPU
		{698C3DC1-1DB6-43B5-9174-E0B7CFF7E33D}.Release|Any CPU.ActiveCfg = Release|Any CPU
		{698C3DC1-1DB6-43B5-9174-E0B7CFF7E33D}.Release|Any CPU.Build.0 = Release|Any CPU
		{698C3DC1-1DB6-43B5-9174-E0B7CFF7E33D}.Release|x64.ActiveCfg = Release|Any CPU
		{698C3DC1-1DB6-43B5-9174-E0B7CFF7E33D}.Release|x64.Build.0 = Release|Any CPU
		{698C3DC1-1DB6-43B5-9174-E0B7CFF7E33D}.Release|x86.ActiveCfg = Release|Any CPU
		{698C3DC1-1DB6-43B5-9174-E0B7CFF7E33D}.Release|x86.Build.0 = Release|Any CPU
		{8BBFBA3A-1461-4653-87A6-AFD44F80A02C}.Debug|Any CPU.ActiveCfg = Debug|Any CPU
		{8BBFBA3A-1461-4653-87A6-AFD44F80A02C}.Debug|Any CPU.Build.0 = Debug|Any CPU
		{8BBFBA3A-1461-4653-87A6-AFD44F80A02C}.Debug|x64.ActiveCfg = Debug|Any CPU
		{8BBFBA3A-1461-4653-87A6-AFD44F80A02C}.Debug|x64.Build.0 = Debug|Any CPU
		{8BBFBA3A-1461-4653-87A6-AFD44F80A02C}.Debug|x86.ActiveCfg = Debug|Any CPU
		{8BBFBA3A-1461-4653-87A6-AFD44F80A02C}.Debug|x86.Build.0 = Debug|Any CPU
		{8BBFBA3A-1461-4653-87A6-AFD44F80A02C}.Release|Any CPU.ActiveCfg = Release|Any CPU
		{8BBFBA3A-1461-4653-87A6-AFD44F80A02C}.Release|Any CPU.Build.0 = Release|Any CPU
		{8BBFBA3A-1461-4653-87A6-AFD44F80A02C}.Release|x64.ActiveCfg = Release|Any CPU
		{8BBFBA3A-1461-4653-87A6-AFD44F80A02C}.Release|x64.Build.0 = Release|Any CPU
		{8BBFBA3A-1461-4653-87A6-AFD44F80A02C}.Release|x86.ActiveCfg = Release|Any CPU
		{8BBFBA3A-1461-4653-87A6-AFD44F80A02C}.Release|x86.Build.0 = Release|Any CPU
	EndGlobalSection
	GlobalSection(NestedProjects) = preSolution
		{47A899EB-61E6-4793-B473-97079CFB0479} = {3267A223-9F63-4A5A-9B65-63651C85CA9F}
		{2B13A395-EFC3-4ECF-AB58-E41A8D11F636} = {3267A223-9F63-4A5A-9B65-63651C85CA9F}
		{0DA14E37-EB54-4ACF-845D-BD436795E379} = {3267A223-9F63-4A5A-9B65-63651C85CA9F}
		{80896CC3-8F86-4B18-8C3F-9C35925BCBD2} = {3267A223-9F63-4A5A-9B65-63651C85CA9F}
		{B464446D-2E6F-449D-9983-1E72036A6A05} = {E733AF9B-4237-4246-883A-1EBFAA370599}
		{10C03EB1-D443-4DE2-99F6-7F41ED075625} = {E733AF9B-4237-4246-883A-1EBFAA370599}
		{DD18DA28-2B15-4E9C-AFD1-3FD7D4F7B507} = {E733AF9B-4237-4246-883A-1EBFAA370599}
		{698C3DC1-1DB6-43B5-9174-E0B7CFF7E33D} = {E733AF9B-4237-4246-883A-1EBFAA370599}
		{8BBFBA3A-1461-4653-87A6-AFD44F80A02C} = {E733AF9B-4237-4246-883A-1EBFAA370599}
	EndGlobalSection
EndGlobal
